
Microsoft Visual Studio Solution File, Format Version 12.00
# Visual Studio 15
VisualStudioVersion = 15.0.28307.1267
MinimumVisualStudioVersion = 10.0.40219.1
Project("{8BC9CEB8-8B4A-11D0-8D11-00A0C91BC942}") = "ConsoleApplication1", "ConsoleApplication1.vcxproj", "{35C3A077-CCB8-49C1-B36E-43451D45C996}"
EndProject
Global
	GlobalSection(SolutionConfigurationPlatforms) = preSolution
		Debug|x64 = Debug|x64
		Debug|x86 = Debug|x86
		Release|x64 = Release|x64
		Release|x86 = Release|x86
	EndGlobalSection
	GlobalSection(ProjectConfigurationPlatforms) = postSolution
		{35C3A077-CCB8-49C1-B36E-43451D45C996}.Debug|x64.ActiveCfg = Debug|x64
		{35C3A077-CCB8-49C1-B36E-43451D45C996}.Debug|x64.Build.0 = Debug|x64
		{35C3A077-CCB8-49C1-B36E-43451D45C996}.Debug|x86.ActiveCfg = Debug|Win32
		{35C3A077-CCB8-49C1-B36E-43451D45C996}.Debug|x86.Build.0 = Debug|Win32
		{35C3A077-CCB8-49C1-B36E-43451D45C996}.Release|x64.ActiveCfg = Release|x64
		{35C3A077-CCB8-49C1-B36E-43451D45C996}.Release|x64.Build.0 = Release|x64
		{35C3A077-CCB8-49C1-B36E-43451D45C996}.Release|x86.ActiveCfg = Release|Win32
		{35C3A077-CCB8-49C1-B36E-43451D45C996}.Release|x86.Build.0 = Release|Win32
	EndGlobalSection
	GlobalSection(SolutionProperties) = preSolution
		HideSolutionNode = FALSE
	EndGlobalSection
	GlobalSection(ExtensibilityGlobals) = postSolution
		SolutionGuid = {0569D710-1192-494E-88D8-CD10A586E045}
	EndGlobalSection
EndGlobal
